
Microsoft Visual Studio Solution File, Format Version 12.00
# Visual Studio Version 16
VisualStudioVersion = 16.0.31005.135
MinimumVisualStudioVersion = 10.0.40219.1
Project("{FAE04EC0-301F-11D3-BF4B-00C04F79EFBC}") = "SimulacionRendimientoBasseball", "SimulacionRendimientoBasseball\SimulacionRendimientoBasseball.csproj", "{D9523BBA-D7EC-4482-8F8A-FDC7239019D0}"
EndProject
Global
	GlobalSection(SolutionConfigurationPlatforms) = preSolution
		Debug|Any CPU = Debug|Any CPU
		Release|Any CPU = Release|Any CPU
	EndGlobalSection
	GlobalSection(ProjectConfigurationPlatforms) = postSolution
		{D9523BBA-D7EC-4482-8F8A-FDC7239019D0}.Debug|Any CPU.ActiveCfg = Debug|Any CPU
		{D9523BBA-D7EC-4482-8F8A-FDC7239019D0}.Debug|Any CPU.Build.0 = Debug|Any CPU
		{D9523BBA-D7EC-4482-8F8A-FDC7239019D0}.Release|Any CPU.ActiveCfg = Release|Any CPU
		{D9523BBA-D7EC-4482-8F8A-FDC7239019D0}.Release|Any CPU.Build.0 = Release|Any CPU
	EndGlobalSection
	GlobalSection(SolutionProperties) = preSolution
		HideSolutionNode = FALSE
	EndGlobalSection
	GlobalSection(ExtensibilityGlobals) = postSolution
		SolutionGuid = {25DE4DFC-8E9D-45D6-8EC4-FE2ABEB35C37}
	EndGlobalSection
EndGlobal
